{
  "name": "i11",
  "version": "0.0.0",
  "lockfileVersion": 2,
  "requires": true,
  "packages": {
    "": {
      "name": "i11",
      "version": "0.0.0",
      "license": "0BSD",
      "devDependencies": {
        "eol": "^0.9.1",
        "map-file": "^0.2.0",
        "moment": "^2.29.1",
        "ssv": "^4.1.1"
      }
    },
    "node_modules/eol": {
      "version": "0.9.1",
      "resolved": "https://registry.npmjs.org/eol/-/eol-0.9.1.tgz",
      "integrity": "sha512-Ds/TEoZjwggRoz/Q2O7SE3i4Jm66mqTDfmdHdq/7DKVk3bro9Q8h6WdXKdPqFLMoqxrDK5SVRzHVPOS6uuGtrg==",
      "dev": true
    },
    "node_modules/map-file": {
      "version": "0.2.0",
      "resolved": "https://registry.npmjs.org/map-file/-/map-file-0.2.0.tgz",
      "integrity": "sha512-kSou1MLAcYmGpLMVLFccrNEUYFZqA0vUUi41Ziy86aO18VcS/hZuM4W5h8Mu+iu+Yb48+EOkN98z/4t0wzDnhA==",
      "dev": true
    },
    "node_modules/moment": {
      "version": "2.29.1",
      "resolved": "https://registry.npmjs.org/moment/-/moment-2.29.1.tgz",
      "integrity": "sha512-kHmoybcPV8Sqy59DwNDY3Jefr64lK/by/da0ViFcuA4DH0vQg5Q6Ze5VimxkfQNSC+Mls/Kx53s7TjP1RhFEDQ==",
      "dev": true,
      "engines": {
        "node": "*"
      }
    },
    "node_modules/ssv": {
      "version": "4.1.1",
      "resolved": "https://registry.npmjs.org/ssv/-/ssv-4.1.1.tgz",
      "integrity": "sha512-mp+Hf3KXSL882w9kKKEYOTiWzE1HglGKcRXO04NYe8YI8q70jnescqsusHkwbLXUOh1QLg3Gy6IC8kn9jqjkhw==",
      "dev": true,
      "funding": {
        "url": "https://github.com/sponsors/ryanve"
      }
    }
  },
  "dependencies": {
    "eol": {
      "version": "0.9.1",
      "resolved": "https://registry.npmjs.org/eol/-/eol-0.9.1.tgz",
      "integrity": "sha512-Ds/TEoZjwggRoz/Q2O7SE3i4Jm66mqTDfmdHdq/7DKVk3bro9Q8h6WdXKdPqFLMoqxrDK5SVRzHVPOS6uuGtrg==",
      "dev": true
    },
    "map-file": {
      "version": "0.2.0",
      "resolved": "https://registry.npmjs.org/map-file/-/map-file-0.2.0.tgz",
      "integrity": "sha512-kSou1MLAcYmGpLMVLFccrNEUYFZqA0vUUi41Ziy86aO18VcS/hZuM4W5h8Mu+iu+Yb48+EOkN98z/4t0wzDnhA==",
      "dev": true
    },
    "moment": {
      "version": "2.29.1",
      "resolved": "https://registry.npmjs.org/moment/-/moment-2.29.1.tgz",
      "integrity": "sha512-kHmoybcPV8Sqy59DwNDY3Jefr64lK/by/da0ViFcuA4DH0vQg5Q6Ze5VimxkfQNSC+Mls/Kx53s7TjP1RhFEDQ==",
      "dev": true
    },
    "ssv": {
      "version": "4.1.1",
      "resolved": "https://registry.npmjs.org/ssv/-/ssv-4.1.1.tgz",
      "integrity": "sha512-mp+Hf3KXSL882w9kKKEYOTiWzE1HglGKcRXO04NYe8YI8q70jnescqsusHkwbLXUOh1QLg3Gy6IC8kn9jqjkhw==",
      "dev": true
    }
  }
}
